// !$*UTF8*$!
{
	archiveVersion = 1;
	classes = {
	};
	objectVersion = 50;
	objects = {

/* Begin PBXBuildFile section */
		710287BE214A8934005F009C /* LogAndSearchViewController.swift in Sources */ = {isa = PBXBuildFile; fileRef = 710287BD214A8934005F009C /* LogAndSearchViewController.swift */; };
		710287C2214A9AB2005F009C /* FavouritesViewController.swift in Sources */ = {isa = PBXBuildFile; fileRef = 710287C1214A9AB2005F009C /* FavouritesViewController.swift */; };
		71359A8521A594F200FD7F78 /* TabBarController.swift in Sources */ = {isa = PBXBuildFile; fileRef = 71359A8421A594F200FD7F78 /* TabBarController.swift */; };
		7146C0132194927000C2BA10 /* SearchViewController.swift in Sources */ = {isa = PBXBuildFile; fileRef = 7146C0122194927000C2BA10 /* SearchViewController.swift */; };
		7146C0152194993A00C2BA10 /* FavoritsViewController.swift in Sources */ = {isa = PBXBuildFile; fileRef = 7146C0142194993A00C2BA10 /* FavoritsViewController.swift */; };
		7146C0172195C8AD00C2BA10 /* ImageHelper.swift in Sources */ = {isa = PBXBuildFile; fileRef = 7146C0162195C8AD00C2BA10 /* ImageHelper.swift */; };
		7146C01A2195D7E600C2BA10 /* ImagePropTableViewCell.swift in Sources */ = {isa = PBXBuildFile; fileRef = 7146C0182195D7E600C2BA10 /* ImagePropTableViewCell.swift */; };
		7146C01B2195D7E600C2BA10 /* ImagePropTableViewCell.xib in Resources */ = {isa = PBXBuildFile; fileRef = 7146C0192195D7E600C2BA10 /* ImagePropTableViewCell.xib */; };
		7146C01D219DB13400C2BA10 /* PhotoDetailViewController.swift in Sources */ = {isa = PBXBuildFile; fileRef = 7146C01C219DB13400C2BA10 /* PhotoDetailViewController.swift */; };
		7154C95721AC599E0082DA29 /* OLD.storyboard in Resources */ = {isa = PBXBuildFile; fileRef = 7154C95621AC599D0082DA29 /* OLD.storyboard */; };
		717D94D02155106400642559 /* ImageHelperFuncs.swift in Sources */ = {isa = PBXBuildFile; fileRef = 717D94CF2155106400642559 /* ImageHelperFuncs.swift */; };
		717D94D22155220600642559 /* LargeImageViewController.swift in Sources */ = {isa = PBXBuildFile; fileRef = 717D94D12155220600642559 /* LargeImageViewController.swift */; };
		717D94D6215BA78200642559 /* CollectionViewController.swift in Sources */ = {isa = PBXBuildFile; fileRef = 717D94D5215BA78200642559 /* CollectionViewController.swift */; };
		717D94D8215BB12F00642559 /* CollectionViewCell.swift in Sources */ = {isa = PBXBuildFile; fileRef = 717D94D7215BB12F00642559 /* CollectionViewCell.swift */; };
		717F2CA721AEEF22001DEE40 /* MapKit.framework in Frameworks */ = {isa = PBXBuildFile; fileRef = 717F2CA621AEEF22001DEE40 /* MapKit.framework */; };
		71931EEC2170D89C000EF07D /* FavoritsTableViewCell.swift in Sources */ = {isa = PBXBuildFile; fileRef = 71931EEB2170D89C000EF07D /* FavoritsTableViewCell.swift */; };
		71931F712180BC64000EF07D /* MapViewController.swift in Sources */ = {isa = PBXBuildFile; fileRef = 71931F702180BC64000EF07D /* MapViewController.swift */; };
		71931F742181D4B5000EF07D /* CustomClasses.swift in Sources */ = {isa = PBXBuildFile; fileRef = 71931F732181D4B5000EF07D /* CustomClasses.swift */; };
		71931F98218213A9000EF07D /* SavedData.xcdatamodeld in Sources */ = {isa = PBXBuildFile; fileRef = 71931F96218213A9000EF07D /* SavedData.xcdatamodeld */; };
		71931F9F21834E06000EF07D /* StoredImgWithGeoViewController.swift in Sources */ = {isa = PBXBuildFile; fileRef = 71931F9E21834E06000EF07D /* StoredImgWithGeoViewController.swift */; };
		71931FA121834ED4000EF07D /* ImgWithGeoTableViewCell.swift in Sources */ = {isa = PBXBuildFile; fileRef = 71931FA021834ED4000EF07D /* ImgWithGeoTableViewCell.swift */; };
		71C1BD2621417503005F069A /* AppDelegate.swift in Sources */ = {isa = PBXBuildFile; fileRef = 71C1BD2521417503005F069A /* AppDelegate.swift */; };
		71C1BD2821417503005F069A /* SmallImagesTableViewController.swift in Sources */ = {isa = PBXBuildFile; fileRef = 71C1BD2721417503005F069A /* SmallImagesTableViewController.swift */; };
		71C1BD2B21417503005F069A /* Main.storyboard in Resources */ = {isa = PBXBuildFile; fileRef = 71C1BD2921417503005F069A /* Main.storyboard */; };
		71C1BD2D21417504005F069A /* Assets.xcassets in Resources */ = {isa = PBXBuildFile; fileRef = 71C1BD2C21417504005F069A /* Assets.xcassets */; };
		71C1BD3021417504005F069A /* LaunchScreen.storyboard in Resources */ = {isa = PBXBuildFile; fileRef = 71C1BD2E21417504005F069A /* LaunchScreen.storyboard */; };
		71C1BD392141754E005F069A /* MyTableViewCell.swift in Sources */ = {isa = PBXBuildFile; fileRef = 71C1BD372141754E005F069A /* MyTableViewCell.swift */; };
		71C1BD3A2141754E005F069A /* MyTableViewCell.xib in Resources */ = {isa = PBXBuildFile; fileRef = 71C1BD382141754E005F069A /* MyTableViewCell.xib */; };
		FAAC5F9321D6B8CDBD690E92 /* Pods_Task1_CustomCell.framework in Frameworks */ = {isa = PBXBuildFile; fileRef = AFDD2D2B49945606D6F69776 /* Pods_Task1_CustomCell.framework */; };
/* End PBXBuildFile section */

/* Begin PBXFileReference section */
		0715BF366BAD9B141D5C41BB /* Pods-Task1_CustomCell.release.xcconfig */ = {isa = PBXFileReference; includeInIndex = 1; lastKnownFileType = text.xcconfig; name = "Pods-Task1_CustomCell.release.xcconfig"; path = "Pods/Target Support Files/Pods-Task1_CustomCell/Pods-Task1_CustomCell.release.xcconfig"; sourceTree = "<group>"; };
		710287BD214A8934005F009C /* LogAndSearchViewController.swift */ = {isa = PBXFileReference; lastKnownFileType = sourcecode.swift; path = LogAndSearchViewController.swift; sourceTree = "<group>"; };
		710287C1214A9AB2005F009C /* FavouritesViewController.swift */ = {isa = PBXFileReference; lastKnownFileType = sourcecode.swift; path = FavouritesViewController.swift; sourceTree = "<group>"; };
		71359A8421A594F200FD7F78 /* TabBarController.swift */ = {isa = PBXFileReference; lastKnownFileType = sourcecode.swift; path = TabBarController.swift; sourceTree = "<group>"; };
		7146C0122194927000C2BA10 /* SearchViewController.swift */ = {isa = PBXFileReference; lastKnownFileType = sourcecode.swift; path = SearchViewController.swift; sourceTree = "<group>"; };
		7146C0142194993A00C2BA10 /* FavoritsViewController.swift */ = {isa = PBXFileReference; lastKnownFileType = sourcecode.swift; path = FavoritsViewController.swift; sourceTree = "<group>"; };
		7146C0162195C8AD00C2BA10 /* ImageHelper.swift */ = {isa = PBXFileReference; lastKnownFileType = sourcecode.swift; path = ImageHelper.swift; sourceTree = "<group>"; };
		7146C0182195D7E600C2BA10 /* ImagePropTableViewCell.swift */ = {isa = PBXFileReference; lastKnownFileType = sourcecode.swift; path = ImagePropTableViewCell.swift; sourceTree = "<group>"; };
		7146C0192195D7E600C2BA10 /* ImagePropTableViewCell.xib */ = {isa = PBXFileReference; lastKnownFileType = file.xib; path = ImagePropTableViewCell.xib; sourceTree = "<group>"; };
		7146C01C219DB13400C2BA10 /* PhotoDetailViewController.swift */ = {isa = PBXFileReference; lastKnownFileType = sourcecode.swift; path = PhotoDetailViewController.swift; sourceTree = "<group>"; };
		7154C95621AC599D0082DA29 /* OLD.storyboard */ = {isa = PBXFileReference; fileEncoding = 4; lastKnownFileType = file.storyboard; path = OLD.storyboard; sourceTree = "<group>"; };
		717D94CF2155106400642559 /* ImageHelperFuncs.swift */ = {isa = PBXFileReference; lastKnownFileType = sourcecode.swift; path = ImageHelperFuncs.swift; sourceTree = "<group>"; };
		717D94D12155220600642559 /* LargeImageViewController.swift */ = {isa = PBXFileReference; lastKnownFileType = sourcecode.swift; path = LargeImageViewController.swift; sourceTree = "<group>"; };
		717D94D5215BA78200642559 /* CollectionViewController.swift */ = {isa = PBXFileReference; lastKnownFileType = sourcecode.swift; path = CollectionViewController.swift; sourceTree = "<group>"; };
		717D94D7215BB12F00642559 /* CollectionViewCell.swift */ = {isa = PBXFileReference; lastKnownFileType = sourcecode.swift; path = CollectionViewCell.swift; sourceTree = "<group>"; };
		717F2CA621AEEF22001DEE40 /* MapKit.framework */ = {isa = PBXFileReference; lastKnownFileType = wrapper.framework; name = MapKit.framework; path = System/Library/Frameworks/MapKit.framework; sourceTree = SDKROOT; };
		71931EEB2170D89C000EF07D /* FavoritsTableViewCell.swift */ = {isa = PBXFileReference; lastKnownFileType = sourcecode.swift; path = FavoritsTableViewCell.swift; sourceTree = "<group>"; };
		71931F702180BC64000EF07D /* MapViewController.swift */ = {isa = PBXFileReference; lastKnownFileType = sourcecode.swift; path = MapViewController.swift; sourceTree = "<group>"; };
		71931F732181D4B5000EF07D /* CustomClasses.swift */ = {isa = PBXFileReference; lastKnownFileType = sourcecode.swift; path = CustomClasses.swift; sourceTree = "<group>"; };
		71931F97218213A9000EF07D /* Task1_CustomCell.xcdatamodel */ = {isa = PBXFileReference; lastKnownFileType = wrapper.xcdatamodel; path = Task1_CustomCell.xcdatamodel; sourceTree = "<group>"; };
		71931F9E21834E06000EF07D /* StoredImgWithGeoViewController.swift */ = {isa = PBXFileReference; lastKnownFileType = sourcecode.swift; path = StoredImgWithGeoViewController.swift; sourceTree = "<group>"; };
		71931FA021834ED4000EF07D /* ImgWithGeoTableViewCell.swift */ = {isa = PBXFileReference; lastKnownFileType = sourcecode.swift; path = ImgWithGeoTableViewCell.swift; sourceTree = "<group>"; };
		71C1BD2221417503005F069A /* Task1_CustomCell.app */ = {isa = PBXFileReference; explicitFileType = wrapper.application; includeInIndex = 0; path = Task1_CustomCell.app; sourceTree = BUILT_PRODUCTS_DIR; };
		71C1BD2521417503005F069A /* AppDelegate.swift */ = {isa = PBXFileReference; lastKnownFileType = sourcecode.swift; path = AppDelegate.swift; sourceTree = "<group>"; };
		71C1BD2721417503005F069A /* SmallImagesTableViewController.swift */ = {isa = PBXFileReference; lastKnownFileType = sourcecode.swift; path = SmallImagesTableViewController.swift; sourceTree = "<group>"; };
		71C1BD2A21417503005F069A /* Base */ = {isa = PBXFileReference; lastKnownFileType = file.storyboard; name = Base; path = Base.lproj/Main.storyboard; sourceTree = "<group>"; };
		71C1BD2C21417504005F069A /* Assets.xcassets */ = {isa = PBXFileReference; lastKnownFileType = folder.assetcatalog; path = Assets.xcassets; sourceTree = "<group>"; };
		71C1BD2F21417504005F069A /* Base */ = {isa = PBXFileReference; lastKnownFileType = file.storyboard; name = Base; path = Base.lproj/LaunchScreen.storyboard; sourceTree = "<group>"; };
		71C1BD3121417504005F069A /* Info.plist */ = {isa = PBXFileReference; lastKnownFileType = text.plist.xml; path = Info.plist; sourceTree = "<group>"; };
		71C1BD372141754E005F069A /* MyTableViewCell.swift */ = {isa = PBXFileReference; lastKnownFileType = sourcecode.swift; path = MyTableViewCell.swift; sourceTree = "<group>"; };
		71C1BD382141754E005F069A /* MyTableViewCell.xib */ = {isa = PBXFileReference; lastKnownFileType = file.xib; path = MyTableViewCell.xib; sourceTree = "<group>"; };
		851D849020F6AB20DBF10C97 /* Pods-Task1_CustomCell.debug.xcconfig */ = {isa = PBXFileReference; includeInIndex = 1; lastKnownFileType = text.xcconfig; name = "Pods-Task1_CustomCell.debug.xcconfig"; path = "Pods/Target Support Files/Pods-Task1_CustomCell/Pods-Task1_CustomCell.debug.xcconfig"; sourceTree = "<group>"; };
		AFDD2D2B49945606D6F69776 /* Pods_Task1_CustomCell.framework */ = {isa = PBXFileReference; explicitFileType = wrapper.framework; includeInIndex = 0; path = Pods_Task1_CustomCell.framework; sourceTree = BUILT_PRODUCTS_DIR; };
/* End PBXFileReference section */

/* Begin PBXFrameworksBuildPhase section */
		71C1BD1F21417503005F069A /* Frameworks */ = {
			isa = PBXFrameworksBuildPhase;
			buildActionMask = 2147483647;
			files = (
				717F2CA721AEEF22001DEE40 /* MapKit.framework in Frameworks */,
				FAAC5F9321D6B8CDBD690E92 /* Pods_Task1_CustomCell.framework in Frameworks */,
			);
			runOnlyForDeploymentPostprocessing = 0;
		};
/* End PBXFrameworksBuildPhase section */

/* Begin PBXGroup section */
		6E8D1CE27B34F2E308B659BD /* Frameworks */ = {
			isa = PBXGroup;
			children = (
				717F2CA621AEEF22001DEE40 /* MapKit.framework */,
				AFDD2D2B49945606D6F69776 /* Pods_Task1_CustomCell.framework */,
			);
			name = Frameworks;
			sourceTree = "<group>";
		};
		7146C02021A3236700C2BA10 /* OLD_Files */ = {
			isa = PBXGroup;
			children = (
				7154C95621AC599D0082DA29 /* OLD.storyboard */,
				710287BD214A8934005F009C /* LogAndSearchViewController.swift */,
				71931F9B2183244D000EF07D /* CoreDataTable */,
				71931EE92170BCD9000EF07D /* Favorites */,
				71931EE72170BC8C000EF07D /* MyCollection */,
				71931EE52170BB60000EF07D /* MyTable */,
				71931EEA2170BDAC000EF07D /* Funcs and Classes */,
			);
			path = OLD_Files;
			sourceTree = "<group>";
		};
		7146C02121A3243E00C2BA10 /* ViewControllers */ = {
			isa = PBXGroup;
			children = (
				7146C01C219DB13400C2BA10 /* PhotoDetailViewController.swift */,
				7146C0142194993A00C2BA10 /* FavoritsViewController.swift */,
				7146C0122194927000C2BA10 /* SearchViewController.swift */,
				71931F702180BC64000EF07D /* MapViewController.swift */,
				71359A8421A594F200FD7F78 /* TabBarController.swift */,
			);
			path = ViewControllers;
			sourceTree = "<group>";
		};
		7146C02221A3245400C2BA10 /* Cells */ = {
			isa = PBXGroup;
			children = (
				7146C0182195D7E600C2BA10 /* ImagePropTableViewCell.swift */,
				7146C0192195D7E600C2BA10 /* ImagePropTableViewCell.xib */,
			);
			path = Cells;
			sourceTree = "<group>";
		};
		71931EE4216F831E000EF07D /* SupportingFiles */ = {
			isa = PBXGroup;
			children = (
				71C1BD2521417503005F069A /* AppDelegate.swift */,
				71C1BD2C21417504005F069A /* Assets.xcassets */,
				71C1BD2E21417504005F069A /* LaunchScreen.storyboard */,
			);
			path = SupportingFiles;
			sourceTree = "<group>";
		};
		71931EE52170BB60000EF07D /* MyTable */ = {
			isa = PBXGroup;
			children = (
				71C1BD2721417503005F069A /* SmallImagesTableViewController.swift */,
				717D94D12155220600642559 /* LargeImageViewController.swift */,
				71931EE62170BC18000EF07D /* Cell */,
			);
			path = MyTable;
			sourceTree = "<group>";
		};
		71931EE62170BC18000EF07D /* Cell */ = {
			isa = PBXGroup;
			children = (
				71C1BD372141754E005F069A /* MyTableViewCell.swift */,
				71C1BD382141754E005F069A /* MyTableViewCell.xib */,
			);
			path = Cell;
			sourceTree = "<group>";
		};
		71931EE72170BC8C000EF07D /* MyCollection */ = {
			isa = PBXGroup;
			children = (
				717D94D5215BA78200642559 /* CollectionViewController.swift */,
				71931EE82170BCA0000EF07D /* Cell */,
			);
			path = MyCollection;
			sourceTree = "<group>";
		};
		71931EE82170BCA0000EF07D /* Cell */ = {
			isa = PBXGroup;
			children = (
				717D94D7215BB12F00642559 /* CollectionViewCell.swift */,
			);
			path = Cell;
			sourceTree = "<group>";
		};
		71931EE92170BCD9000EF07D /* Favorites */ = {
			isa = PBXGroup;
			children = (
				710287C1214A9AB2005F009C /* FavouritesViewController.swift */,
				71931EEB2170D89C000EF07D /* FavoritsTableViewCell.swift */,
			);
			path = Favorites;
			sourceTree = "<group>";
		};
		71931EEA2170BDAC000EF07D /* Funcs and Classes */ = {
			isa = PBXGroup;
			children = (
				717D94CF2155106400642559 /* ImageHelperFuncs.swift */,
			);
			path = "Funcs and Classes";
			sourceTree = "<group>";
		};
		71931F9B2183244D000EF07D /* CoreDataTable */ = {
			isa = PBXGroup;
			children = (
				71931F9E21834E06000EF07D /* StoredImgWithGeoViewController.swift */,
				71931FA021834ED4000EF07D /* ImgWithGeoTableViewCell.swift */,
			);
			path = CoreDataTable;
			sourceTree = "<group>";
		};
		71C1BD1921417503005F069A = {
			isa = PBXGroup;
			children = (
				71C1BD2421417503005F069A /* Task1_CustomCell */,
				71C1BD2321417503005F069A /* Products */,
				B97C086020CED5A31F209C2C /* Pods */,
				6E8D1CE27B34F2E308B659BD /* Frameworks */,
			);
			sourceTree = "<group>";
		};
		71C1BD2321417503005F069A /* Products */ = {
			isa = PBXGroup;
			children = (
				71C1BD2221417503005F069A /* Task1_CustomCell.app */,
			);
			name = Products;
			sourceTree = "<group>";
		};
		71C1BD2421417503005F069A /* Task1_CustomCell */ = {
			isa = PBXGroup;
			children = (
				71931EE4216F831E000EF07D /* SupportingFiles */,
				71C1BD3121417504005F069A /* Info.plist */,
				71931F96218213A9000EF07D /* SavedData.xcdatamodeld */,
				71C1BD2921417503005F069A /* Main.storyboard */,
				7146C02121A3243E00C2BA10 /* ViewControllers */,
				7146C02221A3245400C2BA10 /* Cells */,
				7146C0162195C8AD00C2BA10 /* ImageHelper.swift */,
				71931F732181D4B5000EF07D /* CustomClasses.swift */,
				7146C02021A3236700C2BA10 /* OLD_Files */,
			);
			path = Task1_CustomCell;
			sourceTree = "<group>";
		};
		B97C086020CED5A31F209C2C /* Pods */ = {
			isa = PBXGroup;
			children = (
				851D849020F6AB20DBF10C97 /* Pods-Task1_CustomCell.debug.xcconfig */,
				0715BF366BAD9B141D5C41BB /* Pods-Task1_CustomCell.release.xcconfig */,
			);
			name = Pods;
			sourceTree = "<group>";
		};
/* End PBXGroup section */

/* Begin PBXNativeTarget section */
		71C1BD2121417503005F069A /* Task1_CustomCell */ = {
			isa = PBXNativeTarget;
			buildConfigurationList = 71C1BD3421417504005F069A /* Build configuration list for PBXNativeTarget "Task1_CustomCell" */;
			buildPhases = (
				F69A294F5CAE10B9F8C55DCF /* [CP] Check Pods Manifest.lock */,
				71C1BD1E21417503005F069A /* Sources */,
				71C1BD1F21417503005F069A /* Frameworks */,
				71C1BD2021417503005F069A /* Resources */,
				E6BF16FFBF50C8608320A203 /* [CP] Embed Pods Frameworks */,
			);
			buildRules = (
			);
			dependencies = (
			);
			name = Task1_CustomCell;
			productName = Task1_CustomCell;
			productReference = 71C1BD2221417503005F069A /* Task1_CustomCell.app */;
			productType = "com.apple.product-type.application";
		};
/* End PBXNativeTarget section */

/* Begin PBXProject section */
		71C1BD1A21417503005F069A /* Project object */ = {
			isa = PBXProject;
			attributes = {
				LastSwiftUpdateCheck = 0940;
				LastUpgradeCheck = 0940;
				ORGANIZATIONNAME = "Pavlo Ratushnyi";
				TargetAttributes = {
					71C1BD2121417503005F069A = {
						CreatedOnToolsVersion = 9.4.1;
						SystemCapabilities = {
							com.apple.Maps.iOS = {
								enabled = 1;
							};
						};
					};
				};
			};
			buildConfigurationList = 71C1BD1D21417503005F069A /* Build configuration list for PBXProject "Task1_CustomCell" */;
			compatibilityVersion = "Xcode 9.3";
			developmentRegion = en;
			hasScannedForEncodings = 0;
			knownRegions = (
				en,
				Base,
			);
			mainGroup = 71C1BD1921417503005F069A;
			productRefGroup = 71C1BD2321417503005F069A /* Products */;
			projectDirPath = "";
			projectRoot = "";
			targets = (
				71C1BD2121417503005F069A /* Task1_CustomCell */,
			);
		};
/* End PBXProject section */

/* Begin PBXResourcesBuildPhase section */
		71C1BD2021417503005F069A /* Resources */ = {
			isa = PBXResourcesBuildPhase;
			buildActionMask = 2147483647;
			files = (
				71C1BD3021417504005F069A /* LaunchScreen.storyboard in Resources */,
				7146C01B2195D7E600C2BA10 /* ImagePropTableViewCell.xib in Resources */,
				7154C95721AC599E0082DA29 /* OLD.storyboard in Resources */,
				71C1BD3A2141754E005F069A /* MyTableViewCell.xib in Resources */,
				71C1BD2D21417504005F069A /* Assets.xcassets in Resources */,
				71C1BD2B21417503005F069A /* Main.storyboard in Resources */,
			);
			runOnlyForDeploymentPostprocessing = 0;
		};
/* End PBXResourcesBuildPhase section */

/* Begin PBXShellScriptBuildPhase section */
		E6BF16FFBF50C8608320A203 /* [CP] Embed Pods Frameworks */ = {
			isa = PBXShellScriptBuildPhase;
			buildActionMask = 2147483647;
			files = (
			);
			inputPaths = (
				"${SRCROOT}/Pods/Target Support Files/Pods-Task1_CustomCell/Pods-Task1_CustomCell-frameworks.sh",
				"${BUILT_PRODUCTS_DIR}/FlickrKit/FlickrKit.framework",
			);
			name = "[CP] Embed Pods Frameworks";
			outputPaths = (
				"${TARGET_BUILD_DIR}/${FRAMEWORKS_FOLDER_PATH}/FlickrKit.framework",
			);
			runOnlyForDeploymentPostprocessing = 0;
			shellPath = /bin/sh;
			shellScript = "\"${SRCROOT}/Pods/Target Support Files/Pods-Task1_CustomCell/Pods-Task1_CustomCell-frameworks.sh\"\n";
			showEnvVarsInLog = 0;
		};
		F69A294F5CAE10B9F8C55DCF /* [CP] Check Pods Manifest.lock */ = {
			isa = PBXShellScriptBuildPhase;
			buildActionMask = 2147483647;
			files = (
			);
			inputPaths = (
				"${PODS_PODFILE_DIR_PATH}/Podfile.lock",
				"${PODS_ROOT}/Manifest.lock",
			);
			name = "[CP] Check Pods Manifest.lock";
			outputPaths = (
				"$(DERIVED_FILE_DIR)/Pods-Task1_CustomCell-checkManifestLockResult.txt",
			);
			runOnlyForDeploymentPostprocessing = 0;
			shellPath = /bin/sh;
			shellScript = "diff \"${PODS_PODFILE_DIR_PATH}/Podfile.lock\" \"${PODS_ROOT}/Manifest.lock\" > /dev/null\nif [ $? != 0 ] ; then\n    # print error to STDERR\n    echo \"error: The sandbox is not in sync with the Podfile.lock. Run 'pod install' or update your CocoaPods installation.\" >&2\n    exit 1\nfi\n# This output is used by Xcode 'outputs' to avoid re-running this script phase.\necho \"SUCCESS\" > \"${SCRIPT_OUTPUT_FILE_0}\"\n";
			showEnvVarsInLog = 0;
		};
/* End PBXShellScriptBuildPhase section */

/* Begin PBXSourcesBuildPhase section */
		71C1BD1E21417503005F069A /* Sources */ = {
			isa = PBXSourcesBuildPhase;
			buildActionMask = 2147483647;
			files = (
				71931F712180BC64000EF07D /* MapViewController.swift in Sources */,
				71931F9F21834E06000EF07D /* StoredImgWithGeoViewController.swift in Sources */,
				7146C01A2195D7E600C2BA10 /* ImagePropTableViewCell.swift in Sources */,
				71931F98218213A9000EF07D /* SavedData.xcdatamodeld in Sources */,
				717D94D8215BB12F00642559 /* CollectionViewCell.swift in Sources */,
				717D94D6215BA78200642559 /* CollectionViewController.swift in Sources */,
				71931F742181D4B5000EF07D /* CustomClasses.swift in Sources */,
				71C1BD2821417503005F069A /* SmallImagesTableViewController.swift in Sources */,
				717D94D02155106400642559 /* ImageHelperFuncs.swift in Sources */,
				71C1BD2621417503005F069A /* AppDelegate.swift in Sources */,
				71931EEC2170D89C000EF07D /* FavoritsTableViewCell.swift in Sources */,
				7146C0132194927000C2BA10 /* SearchViewController.swift in Sources */,
				7146C0172195C8AD00C2BA10 /* ImageHelper.swift in Sources */,
				7146C0152194993A00C2BA10 /* FavoritsViewController.swift in Sources */,
				710287BE214A8934005F009C /* LogAndSearchViewController.swift in Sources */,
				71C1BD392141754E005F069A /* MyTableViewCell.swift in Sources */,
				717D94D22155220600642559 /* LargeImageViewController.swift in Sources */,
				710287C2214A9AB2005F009C /* FavouritesViewController.swift in Sources */,
				71359A8521A594F200FD7F78 /* TabBarController.swift in Sources */,
				7146C01D219DB13400C2BA10 /* PhotoDetailViewController.swift in Sources */,
				71931FA121834ED4000EF07D /* ImgWithGeoTableViewCell.swift in Sources */,
			);
			runOnlyForDeploymentPostprocessing = 0;
		};
/* End PBXSourcesBuildPhase section */

/* Begin PBXVariantGroup section */
		71C1BD2921417503005F069A /* Main.storyboard */ = {
			isa = PBXVariantGroup;
			children = (
				71C1BD2A21417503005F069A /* Base */,
			);
			name = Main.storyboard;
			sourceTree = "<group>";
		};
		71C1BD2E21417504005F069A /* LaunchScreen.storyboard */ = {
			isa = PBXVariantGroup;
			children = (
				71C1BD2F21417504005F069A /* Base */,
			);
			name = LaunchScreen.storyboard;
			sourceTree = "<group>";
		};
/* End PBXVariantGroup section */

/* Begin XCBuildConfiguration section */
		71C1BD3221417504005F069A /* Debug */ = {
			isa = XCBuildConfiguration;
			buildSettings = {
				ALWAYS_SEARCH_USER_PATHS = NO;
				CLANG_ANALYZER_NONNULL = YES;
				CLANG_ANALYZER_NUMBER_OBJECT_CONVERSION = YES_AGGRESSIVE;
				CLANG_CXX_LANGUAGE_STANDARD = "gnu++14";
				CLANG_CXX_LIBRARY = "libc++";
				CLANG_ENABLE_MODULES = YES;
				CLANG_ENABLE_OBJC_ARC = YES;
				CLANG_ENABLE_OBJC_WEAK = YES;
				CLANG_WARN_BLOCK_CAPTURE_AUTORELEASING = YES;
				CLANG_WARN_BOOL_CONVERSION = YES;
				CLANG_WARN_COMMA = YES;
				CLANG_WARN_CONSTANT_CONVERSION = YES;
				CLANG_WARN_DEPRECATED_OBJC_IMPLEMENTATIONS = YES;
				CLANG_WARN_DIRECT_OBJC_ISA_USAGE = YES_ERROR;
				CLANG_WARN_DOCUMENTATION_COMMENTS = YES;
				CLANG_WARN_EMPTY_BODY = YES;
				CLANG_WARN_ENUM_CONVERSION = YES;
				CLANG_WARN_INFINITE_RECURSION = YES;
				CLANG_WARN_INT_CONVERSION = YES;
				CLANG_WARN_NON_LITERAL_NULL_CONVERSION = YES;
				CLANG_WARN_OBJC_IMPLICIT_RETAIN_SELF = YES;
				CLANG_WARN_OBJC_LITERAL_CONVERSION = YES;
				CLANG_WARN_OBJC_ROOT_CLASS = YES_ERROR;
				CLANG_WARN_RANGE_LOOP_ANALYSIS = YES;
				CLANG_WARN_STRICT_PROTOTYPES = YES;
				CLANG_WARN_SUSPICIOUS_MOVE = YES;
				CLANG_WARN_UNGUARDED_AVAILABILITY = YES_AGGRESSIVE;
				CLANG_WARN_UNREACHABLE_CODE = YES;
				CLANG_WARN__DUPLICATE_METHOD_MATCH = YES;
				CODE_SIGN_IDENTITY = "iPhone Developer";
				COPY_PHASE_STRIP = NO;
				DEBUG_INFORMATION_FORMAT = dwarf;
				ENABLE_STRICT_OBJC_MSGSEND = YES;
				ENABLE_TESTABILITY = YES;
				GCC_C_LANGUAGE_STANDARD = gnu11;
				GCC_DYNAMIC_NO_PIC = NO;
				GCC_NO_COMMON_BLOCKS = YES;
				GCC_OPTIMIZATION_LEVEL = 0;
				GCC_PREPROCESSOR_DEFINITIONS = (
					"DEBUG=1",
					"$(inherited)",
				);
				GCC_WARN_64_TO_32_BIT_CONVERSION = YES;
				GCC_WARN_ABOUT_RETURN_TYPE = YES_ERROR;
				GCC_WARN_UNDECLARED_SELECTOR = YES;
				GCC_WARN_UNINITIALIZED_AUTOS = YES_AGGRESSIVE;
				GCC_WARN_UNUSED_FUNCTION = YES;
				GCC_WARN_UNUSED_VARIABLE = YES;
				IPHONEOS_DEPLOYMENT_TARGET = 11.4;
				MTL_ENABLE_DEBUG_INFO = YES;
				ONLY_ACTIVE_ARCH = YES;
				SDKROOT = iphoneos;
				SWIFT_ACTIVE_COMPILATION_CONDITIONS = DEBUG;
				SWIFT_OPTIMIZATION_LEVEL = "-Onone";
			};
			name = Debug;
		};
		71C1BD3321417504005F069A /* Release */ = {
			isa = XCBuildConfiguration;
			buildSettings = {
				ALWAYS_SEARCH_USER_PATHS = NO;
				CLANG_ANALYZER_NONNULL = YES;
				CLANG_ANALYZER_NUMBER_OBJECT_CONVERSION = YES_AGGRESSIVE;
				CLANG_CXX_LANGUAGE_STANDARD = "gnu++14";
				CLANG_CXX_LIBRARY = "libc++";
				CLANG_ENABLE_MODULES = YES;
				CLANG_ENABLE_OBJC_ARC = YES;
				CLANG_ENABLE_OBJC_WEAK = YES;
				CLANG_WARN_BLOCK_CAPTURE_AUTORELEASING = YES;
				CLANG_WARN_BOOL_CONVERSION = YES;
				CLANG_WARN_COMMA = YES;
				CLANG_WARN_CONSTANT_CONVERSION = YES;
				CLANG_WARN_DEPRECATED_OBJC_IMPLEMENTATIONS = YES;
				CLANG_WARN_DIRECT_OBJC_ISA_USAGE = YES_ERROR;
				CLANG_WARN_DOCUMENTATION_COMMENTS = YES;
				CLANG_WARN_EMPTY_BODY = YES;
				CLANG_WARN_ENUM_CONVERSION = YES;
				CLANG_WARN_INFINITE_RECURSION = YES;
				CLANG_WARN_INT_CONVERSION = YES;
				CLANG_WARN_NON_LITERAL_NULL_CONVERSION = YES;
				CLANG_WARN_OBJC_IMPLICIT_RETAIN_SELF = YES;
				CLANG_WARN_OBJC_LITERAL_CONVERSION = YES;
				CLANG_WARN_OBJC_ROOT_CLASS = YES_ERROR;
				CLANG_WARN_RANGE_LOOP_ANALYSIS = YES;
				CLANG_WARN_STRICT_PROTOTYPES = YES;
				CLANG_WARN_SUSPICIOUS_MOVE = YES;
				CLANG_WARN_UNGUARDED_AVAILABILITY = YES_AGGRESSIVE;
				CLANG_WARN_UNREACHABLE_CODE = YES;
				CLANG_WARN__DUPLICATE_METHOD_MATCH = YES;
				CODE_SIGN_IDENTITY = "iPhone Developer";
				COPY_PHASE_STRIP = NO;
				DEBUG_INFORMATION_FORMAT = "dwarf-with-dsym";
				ENABLE_NS_ASSERTIONS = NO;
				ENABLE_STRICT_OBJC_MSGSEND = YES;
				GCC_C_LANGUAGE_STANDARD = gnu11;
				GCC_NO_COMMON_BLOCKS = YES;
				GCC_WARN_64_TO_32_BIT_CONVERSION = YES;
				GCC_WARN_ABOUT_RETURN_TYPE = YES_ERROR;
				GCC_WARN_UNDECLARED_SELECTOR = YES;
				GCC_WARN_UNINITIALIZED_AUTOS = YES_AGGRESSIVE;
				GCC_WARN_UNUSED_FUNCTION = YES;
				GCC_WARN_UNUSED_VARIABLE = YES;
				IPHONEOS_DEPLOYMENT_TARGET = 11.4;
				MTL_ENABLE_DEBUG_INFO = NO;
				SDKROOT = iphoneos;
				SWIFT_COMPILATION_MODE = wholemodule;
				SWIFT_OPTIMIZATION_LEVEL = "-O";
				VALIDATE_PRODUCT = YES;
			};
			name = Release;
		};
		71C1BD3521417504005F069A /* Debug */ = {
			isa = XCBuildConfiguration;
			baseConfigurationReference = 851D849020F6AB20DBF10C97 /* Pods-Task1_CustomCell.debug.xcconfig */;
			buildSettings = {
				ASSETCATALOG_COMPILER_APPICON_NAME = AppIcon;
				CODE_SIGN_STYLE = Automatic;
				DEVELOPMENT_TEAM = A832D2PR89;
				INFOPLIST_FILE = Task1_CustomCell/Info.plist;
				IPHONEOS_DEPLOYMENT_TARGET = 11.4;
				LD_RUNPATH_SEARCH_PATHS = (
					"$(inherited)",
					"@executable_path/Frameworks",
				);
				PRODUCT_BUNDLE_IDENTIFIER = "onseo.Task1-CustomCell";
				PRODUCT_NAME = "$(TARGET_NAME)";
				SWIFT_VERSION = 4.0;
				TARGETED_DEVICE_FAMILY = 1;
			};
			name = Debug;
		};
		71C1BD3621417504005F069A /* Release */ = {
			isa = XCBuildConfiguration;
			baseConfigurationReference = 0715BF366BAD9B141D5C41BB /* Pods-Task1_CustomCell.release.xcconfig */;
			buildSettings = {
				ASSETCATALOG_COMPILER_APPICON_NAME = AppIcon;
				CODE_SIGN_STYLE = Automatic;
				DEVELOPMENT_TEAM = A832D2PR89;
				INFOPLIST_FILE = Task1_CustomCell/Info.plist;
				IPHONEOS_DEPLOYMENT_TARGET = 11.4;
				LD_RUNPATH_SEARCH_PATHS = (
					"$(inherited)",
					"@executable_path/Frameworks",
				);
				PRODUCT_BUNDLE_IDENTIFIER = "onseo.Task1-CustomCell";
				PRODUCT_NAME = "$(TARGET_NAME)";
				SWIFT_VERSION = 4.0;
				TARGETED_DEVICE_FAMILY = 1;
			};
			name = Release;
		};
/* End XCBuildConfiguration section */

/* Begin XCConfigurationList section */
		71C1BD1D21417503005F069A /* Build configuration list for PBXProject "Task1_CustomCell" */ = {
			isa = XCConfigurationList;
			buildConfigurations = (
				71C1BD3221417504005F069A /* Debug */,
				71C1BD3321417504005F069A /* Release */,
			);
			defaultConfigurationIsVisible = 0;
			defaultConfigurationName = Release;
		};
		71C1BD3421417504005F069A /* Build configuration list for PBXNativeTarget "Task1_CustomCell" */ = {
			isa = XCConfigurationList;
			buildConfigurations = (
				71C1BD3521417504005F069A /* Debug */,
				71C1BD3621417504005F069A /* Release */,
			);
			defaultConfigurationIsVisible = 0;
			defaultConfigurationName = Release;
		};
/* End XCConfigurationList section */

/* Begin XCVersionGroup section */
		71931F96218213A9000EF07D /* SavedData.xcdatamodeld */ = {
			isa = XCVersionGroup;
			children = (
				71931F97218213A9000EF07D /* Task1_CustomCell.xcdatamodel */,
			);
			currentVersion = 71931F97218213A9000EF07D /* Task1_CustomCell.xcdatamodel */;
			path = SavedData.xcdatamodeld;
			sourceTree = "<group>";
			versionGroupType = wrapper.xcdatamodel;
		};
/* End XCVersionGroup section */
	};
	rootObject = 71C1BD1A21417503005F069A /* Project object */;
}
